
Microsoft Visual Studio Solution File, Format Version 12.00
# Visual Studio 15
VisualStudioVersion = 15.0.27703.2000
MinimumVisualStudioVersion = 10.0.40219.1
Project("{9A19103F-16F7-4668-BE54-9A1E7A4F7556}") = "Amazon.AspNetCore.DataProtection.SSM", "Amazon.AspNetCore.DataProtection.SSM\Amazon.AspNetCore.DataProtection.SSM.csproj", "{0E915D9D-AE5A-4258-968F-39B476E86D95}"
EndProject
Project("{9A19103F-16F7-4668-BE54-9A1E7A4F7556}") = "Amazon.AspNetCore.DataProtection.SSM.Tests", "Amazon.AspNetCore.DataProtection.SSM.Tests\Amazon.AspNetCore.DataProtection.SSM.Tests.csproj", "{53DFBE1D-A301-4C7C-A146-DE799B8B51B5}"
EndProject
Global
	GlobalSection(SolutionConfigurationPlatforms) = preSolution
		Debug|Any CPU = Debug|Any CPU
		Release|Any CPU = Release|Any CPU
	EndGlobalSection
	GlobalSection(ProjectConfigurationPlatforms) = postSolution
		{0E915D9D-AE5A-4258-968F-39B476E86D95}.Debug|Any CPU.ActiveCfg = Debug|Any CPU
		{0E915D9D-AE5A-4258-968F-39B476E86D95}.Debug|Any CPU.Build.0 = Debug|Any CPU
		{0E915D9D-AE5A-4258-968F-39B476E86D95}.Release|Any CPU.ActiveCfg = Release|Any CPU
		{0E915D9D-AE5A-4258-968F-39B476E86D95}.Release|Any CPU.Build.0 = Release|Any CPU
		{53DFBE1D-A301-4C7C-A146-DE799B8B51B5}.Debug|Any CPU.ActiveCfg = Debug|Any CPU
		{53DFBE1D-A301-4C7C-A146-DE799B8B51B5}.Debug|Any CPU.Build.0 = Debug|Any CPU
		{53DFBE1D-A301-4C7C-A146-DE799B8B51B5}.Release|Any CPU.ActiveCfg = Release|Any CPU
		{53DFBE1D-A301-4C7C-A146-DE799B8B51B5}.Release|Any CPU.Build.0 = Release|Any CPU
	EndGlobalSection
	GlobalSection(SolutionProperties) = preSolution
		HideSolutionNode = FALSE
	EndGlobalSection
	GlobalSection(ExtensibilityGlobals) = postSolution
		SolutionGuid = {B07ABA38-CAB1-4F24-98E1-D66BF946656C}
	EndGlobalSection
EndGlobal
